{
    "_meta": {
        "hash": {
            "sha256": "78d032869a5e5abfd543f6c334103bb9c38d06aa5bcd139e8591bbd078d02fc1"
        },
        "pipfile-spec": 6,
        "requires": {
            "python_version": "3.11"
        },
        "sources": [
            {
                "name": "pypi",
                "url": "https://pypi.org/simple",
                "verify_ssl": true
            }
        ]
    },
    "default": {},
    "develop": {}
}
